// !$*UTF8*$!
{
	archiveVersion = 1;
	classes = {
	};
	objectVersion = 50;
	objects = {

/* Begin PBXBuildFile section */
		0C987D8F25985C01006BC2E8 /* AppDelegate.swift in Sources */ = {isa = PBXBuildFile; fileRef = 0C987D8E25985C01006BC2E8 /* AppDelegate.swift */; };
		0C987D9125985C01006BC2E8 /* SceneDelegate.swift in Sources */ = {isa = PBXBuildFile; fileRef = 0C987D9025985C01006BC2E8 /* SceneDelegate.swift */; };
		0C987D9325985C01006BC2E8 /* ViewController.swift in Sources */ = {isa = PBXBuildFile; fileRef = 0C987D9225985C01006BC2E8 /* ViewController.swift */; };
		0C987D9625985C01006BC2E8 /* Main.storyboard in Resources */ = {isa = PBXBuildFile; fileRef = 0C987D9425985C01006BC2E8 /* Main.storyboard */; };
		0C987D9825985C05006BC2E8 /* Assets.xcassets in Resources */ = {isa = PBXBuildFile; fileRef = 0C987D9725985C05006BC2E8 /* Assets.xcassets */; };
		0C987D9B25985C05006BC2E8 /* LaunchScreen.storyboard in Resources */ = {isa = PBXBuildFile; fileRef = 0C987D9925985C05006BC2E8 /* LaunchScreen.storyboard */; };
		0C987DA625985C05006BC2E8 /* HotCoffeeTests.swift in Sources */ = {isa = PBXBuildFile; fileRef = 0C987DA525985C05006BC2E8 /* HotCoffeeTests.swift */; };
		0C987DB125985C05006BC2E8 /* HotCoffeeUITests.swift in Sources */ = {isa = PBXBuildFile; fileRef = 0C987DB025985C05006BC2E8 /* HotCoffeeUITests.swift */; };
/* End PBXBuildFile section */

/* Begin PBXContainerItemProxy section */
		0C987DA225985C05006BC2E8 /* PBXContainerItemProxy */ = {
			isa = PBXContainerItemProxy;
			containerPortal = 0C987D8325985C01006BC2E8 /* Project object */;
			proxyType = 1;
			remoteGlobalIDString = 0C987D8A25985C01006BC2E8;
			remoteInfo = HotCoffee;
		};
		0C987DAD25985C05006BC2E8 /* PBXContainerItemProxy */ = {
			isa = PBXContainerItemProxy;
			containerPortal = 0C987D8325985C01006BC2E8 /* Project object */;
			proxyType = 1;
			remoteGlobalIDString = 0C987D8A25985C01006BC2E8;
			remoteInfo = HotCoffee;
		};
/* End PBXContainerItemProxy section */

/* Begin PBXFileReference section */
		0C987D8B25985C01006BC2E8 /* HotCoffee.app */ = {isa = PBXFileReference; explicitFileType = wrapper.application; includeInIndex = 0; path = HotCoffee.app; sourceTree = BUILT_PRODUCTS_DIR; };
		0C987D8E25985C01006BC2E8 /* AppDelegate.swift */ = {isa = PBXFileReference; lastKnownFileType = sourcecode.swift; path = AppDelegate.swift; sourceTree = "<group>"; };
		0C987D9025985C01006BC2E8 /* SceneDelegate.swift */ = {isa = PBXFileReference; lastKnownFileType = sourcecode.swift; path = SceneDelegate.swift; sourceTree = "<group>"; };
		0C987D9225985C01006BC2E8 /* ViewController.swift */ = {isa = PBXFileReference; lastKnownFileType = sourcecode.swift; path = ViewController.swift; sourceTree = "<group>"; };
		0C987D9525985C01006BC2E8 /* Base */ = {isa = PBXFileReference; lastKnownFileType = file.storyboard; name = Base; path = Base.lproj/Main.storyboard; sourceTree = "<group>"; };
		0C987D9725985C05006BC2E8 /* Assets.xcassets */ = {isa = PBXFileReference; lastKnownFileType = folder.assetcatalog; path = Assets.xcassets; sourceTree = "<group>"; };
		0C987D9A25985C05006BC2E8 /* Base */ = {isa = PBXFileReference; lastKnownFileType = file.storyboard; name = Base; path = Base.lproj/LaunchScreen.storyboard; sourceTree = "<group>"; };
		0C987D9C25985C05006BC2E8 /* Info.plist */ = {isa = PBXFileReference; lastKnownFileType = text.plist.xml; path = Info.plist; sourceTree = "<group>"; };
		0C987DA125985C05006BC2E8 /* HotCoffeeTests.xctest */ = {isa = PBXFileReference; explicitFileType = wrapper.cfbundle; includeInIndex = 0; path = HotCoffeeTests.xctest; sourceTree = BUILT_PRODUCTS_DIR; };
		0C987DA525985C05006BC2E8 /* HotCoffeeTests.swift */ = {isa = PBXFileReference; lastKnownFileType = sourcecode.swift; path = HotCoffeeTests.swift; sourceTree = "<group>"; };
		0C987DA725985C05006BC2E8 /* Info.plist */ = {isa = PBXFileReference; lastKnownFileType = text.plist.xml; path = Info.plist; sourceTree = "<group>"; };
		0C987DAC25985C05006BC2E8 /* HotCoffeeUITests.xctest */ = {isa = PBXFileReference; explicitFileType = wrapper.cfbundle; includeInIndex = 0; path = HotCoffeeUITests.xctest; sourceTree = BUILT_PRODUCTS_DIR; };
		0C987DB025985C05006BC2E8 /* HotCoffeeUITests.swift */ = {isa = PBXFileReference; lastKnownFileType = sourcecode.swift; path = HotCoffeeUITests.swift; sourceTree = "<group>"; };
		0C987DB225985C05006BC2E8 /* Info.plist */ = {isa = PBXFileReference; lastKnownFileType = text.plist.xml; path = Info.plist; sourceTree = "<group>"; };
/* End PBXFileReference section */

/* Begin PBXFrameworksBuildPhase section */
		0C987D8825985C01006BC2E8 /* Frameworks */ = {
			isa = PBXFrameworksBuildPhase;
			buildActionMask = 2147483647;
			files = (
			);
			runOnlyForDeploymentPostprocessing = 0;
		};
		0C987D9E25985C05006BC2E8 /* Frameworks */ = {
			isa = PBXFrameworksBuildPhase;
			buildActionMask = 2147483647;
			files = (
			);
			runOnlyForDeploymentPostprocessing = 0;
		};
		0C987DA925985C05006BC2E8 /* Frameworks */ = {
			isa = PBXFrameworksBuildPhase;
			buildActionMask = 2147483647;
			files = (
			);
			runOnlyForDeploymentPostprocessing = 0;
		};
/* End PBXFrameworksBuildPhase section */

/* Begin PBXGroup section */
		0C987D8225985C01006BC2E8 = {
			isa = PBXGroup;
			children = (
				0C987D8D25985C01006BC2E8 /* HotCoffee */,
				0C987DA425985C05006BC2E8 /* HotCoffeeTests */,
				0C987DAF25985C05006BC2E8 /* HotCoffeeUITests */,
				0C987D8C25985C01006BC2E8 /* Products */,
			);
			sourceTree = "<group>";
		};
		0C987D8C25985C01006BC2E8 /* Products */ = {
			isa = PBXGroup;
			children = (
				0C987D8B25985C01006BC2E8 /* HotCoffee.app */,
				0C987DA125985C05006BC2E8 /* HotCoffeeTests.xctest */,
				0C987DAC25985C05006BC2E8 /* HotCoffeeUITests.xctest */,
			);
			name = Products;
			sourceTree = "<group>";
		};
		0C987D8D25985C01006BC2E8 /* HotCoffee */ = {
			isa = PBXGroup;
			children = (
				0C987D8E25985C01006BC2E8 /* AppDelegate.swift */,
				0C987D9025985C01006BC2E8 /* SceneDelegate.swift */,
				0C987D9225985C01006BC2E8 /* ViewController.swift */,
				0C987D9425985C01006BC2E8 /* Main.storyboard */,
				0C987D9725985C05006BC2E8 /* Assets.xcassets */,
				0C987D9925985C05006BC2E8 /* LaunchScreen.storyboard */,
				0C987D9C25985C05006BC2E8 /* Info.plist */,
			);
			path = HotCoffee;
			sourceTree = "<group>";
		};
		0C987DA425985C05006BC2E8 /* HotCoffeeTests */ = {
			isa = PBXGroup;
			children = (
				0C987DA525985C05006BC2E8 /* HotCoffeeTests.swift */,
				0C987DA725985C05006BC2E8 /* Info.plist */,
			);
			path = HotCoffeeTests;
			sourceTree = "<group>";
		};
		0C987DAF25985C05006BC2E8 /* HotCoffeeUITests */ = {
			isa = PBXGroup;
			children = (
				0C987DB025985C05006BC2E8 /* HotCoffeeUITests.swift */,
				0C987DB225985C05006BC2E8 /* Info.plist */,
			);
			path = HotCoffeeUITests;
			sourceTree = "<group>";
		};
/* End PBXGroup section */

/* Begin PBXNativeTarget section */
		0C987D8A25985C01006BC2E8 /* HotCoffee */ = {
			isa = PBXNativeTarget;
			buildConfigurationList = 0C987DB525985C05006BC2E8 /* Build configuration list for PBXNativeTarget "HotCoffee" */;
			buildPhases = (
				0C987D8725985C01006BC2E8 /* Sources */,
				0C987D8825985C01006BC2E8 /* Frameworks */,
				0C987D8925985C01006BC2E8 /* Resources */,
			);
			buildRules = (
			);
			dependencies = (
			);
			name = HotCoffee;
			productName = HotCoffee;
			productReference = 0C987D8B25985C01006BC2E8 /* HotCoffee.app */;
			productType = "com.apple.product-type.application";
		};
		0C987DA025985C05006BC2E8 /* HotCoffeeTests */ = {
			isa = PBXNativeTarget;
			buildConfigurationList = 0C987DB825985C05006BC2E8 /* Build configuration list for PBXNativeTarget "HotCoffeeTests" */;
			buildPhases = (
				0C987D9D25985C05006BC2E8 /* Sources */,
				0C987D9E25985C05006BC2E8 /* Frameworks */,
				0C987D9F25985C05006BC2E8 /* Resources */,
			);
			buildRules = (
			);
			dependencies = (
				0C987DA325985C05006BC2E8 /* PBXTargetDependency */,
			);
			name = HotCoffeeTests;
			productName = HotCoffeeTests;
			productReference = 0C987DA125985C05006BC2E8 /* HotCoffeeTests.xctest */;
			productType = "com.apple.product-type.bundle.unit-test";
		};
		0C987DAB25985C05006BC2E8 /* HotCoffeeUITests */ = {
			isa = PBXNativeTarget;
			buildConfigurationList = 0C987DBB25985C05006BC2E8 /* Build configuration list for PBXNativeTarget "HotCoffeeUITests" */;
			buildPhases = (
				0C987DA825985C05006BC2E8 /* Sources */,
				0C987DA925985C05006BC2E8 /* Frameworks */,
				0C987DAA25985C05006BC2E8 /* Resources */,
			);
			buildRules = (
			);
			dependencies = (
				0C987DAE25985C05006BC2E8 /* PBXTargetDependency */,
			);
			name = HotCoffeeUITests;
			productName = HotCoffeeUITests;
			productReference = 0C987DAC25985C05006BC2E8 /* HotCoffeeUITests.xctest */;
			productType = "com.apple.product-type.bundle.ui-testing";
		};
/* End PBXNativeTarget section */

/* Begin PBXProject section */
		0C987D8325985C01006BC2E8 /* Project object */ = {
			isa = PBXProject;
			attributes = {
				LastSwiftUpdateCheck = 1230;
				LastUpgradeCheck = 1230;
				TargetAttributes = {
					0C987D8A25985C01006BC2E8 = {
						CreatedOnToolsVersion = 12.3;
					};
					0C987DA025985C05006BC2E8 = {
						CreatedOnToolsVersion = 12.3;
						TestTargetID = 0C987D8A25985C01006BC2E8;
					};
					0C987DAB25985C05006BC2E8 = {
						CreatedOnToolsVersion = 12.3;
						TestTargetID = 0C987D8A25985C01006BC2E8;
					};
				};
			};
			buildConfigurationList = 0C987D8625985C01006BC2E8 /* Build configuration list for PBXProject "HotCoffee" */;
			compatibilityVersion = "Xcode 9.3";
			developmentRegion = en;
			hasScannedForEncodings = 0;
			knownRegions = (
				en,
				Base,
			);
			mainGroup = 0C987D8225985C01006BC2E8;
			productRefGroup = 0C987D8C25985C01006BC2E8 /* Products */;
			projectDirPath = "";
			projectRoot = "";
			targets = (
				0C987D8A25985C01006BC2E8 /* HotCoffee */,
				0C987DA025985C05006BC2E8 /* HotCoffeeTests */,
				0C987DAB25985C05006BC2E8 /* HotCoffeeUITests */,
			);
		};
/* End PBXProject section */

/* Begin PBXResourcesBuildPhase section */
		0C987D8925985C01006BC2E8 /* Resources */ = {
			isa = PBXResourcesBuildPhase;
			buildActionMask = 2147483647;
			files = (
				0C987D9B25985C05006BC2E8 /* LaunchScreen.storyboard in Resources */,
				0C987D9825985C05006BC2E8 /* Assets.xcassets in Resources */,
				0C987D9625985C01006BC2E8 /* Main.storyboard in Resources */,
			);
			runOnlyForDeploymentPostprocessing = 0;
		};
		0C987D9F25985C05006BC2E8 /* Resources */ = {
			isa = PBXResourcesBuildPhase;
			buildActionMask = 2147483647;
			files = (
			);
			runOnlyForDeploymentPostprocessing = 0;
		};
		0C987DAA25985C05006BC2E8 /* Resources */ = {
			isa = PBXResourcesBuildPhase;
			buildActionMask = 2147483647;
			files = (
			);
			runOnlyForDeploymentPostprocessing = 0;
		};
/* End PBXResourcesBuildPhase section */

/* Begin PBXSourcesBuildPhase section */
		0C987D8725985C01006BC2E8 /* Sources */ = {
			isa = PBXSourcesBuildPhase;
			buildActionMask = 2147483647;
			files = (
				0C987D9325985C01006BC2E8 /* ViewController.swift in Sources */,
				0C987D8F25985C01006BC2E8 /* AppDelegate.swift in Sources */,
				0C987D9125985C01006BC2E8 /* SceneDelegate.swift in Sources */,
			);
			runOnlyForDeploymentPostprocessing = 0;
		};
		0C987D9D25985C05006BC2E8 /* Sources */ = {
			isa = PBXSourcesBuildPhase;
			buildActionMask = 2147483647;
			files = (
				0C987DA625985C05006BC2E8 /* HotCoffeeTests.swift in Sources */,
			);
			runOnlyForDeploymentPostprocessing = 0;
		};
		0C987DA825985C05006BC2E8 /* Sources */ = {
			isa = PBXSourcesBuildPhase;
			buildActionMask = 2147483647;
			files = (
				0C987DB125985C05006BC2E8 /* HotCoffeeUITests.swift in Sources */,
			);
			runOnlyForDeploymentPostprocessing = 0;
		};
/* End PBXSourcesBuildPhase section */

/* Begin PBXTargetDependency section */
		0C987DA325985C05006BC2E8 /* PBXTargetDependency */ = {
			isa = PBXTargetDependency;
			target = 0C987D8A25985C01006BC2E8 /* HotCoffee */;
			targetProxy = 0C987DA225985C05006BC2E8 /* PBXContainerItemProxy */;
		};
		0C987DAE25985C05006BC2E8 /* PBXTargetDependency */ = {
			isa = PBXTargetDependency;
			target = 0C987D8A25985C01006BC2E8 /* HotCoffee */;
			targetProxy = 0C987DAD25985C05006BC2E8 /* PBXContainerItemProxy */;
		};
/* End PBXTargetDependency section */

/* Begin PBXVariantGroup section */
		0C987D9425985C01006BC2E8 /* Main.storyboard */ = {
			isa = PBXVariantGroup;
			children = (
				0C987D9525985C01006BC2E8 /* Base */,
			);
			name = Main.storyboard;
			sourceTree = "<group>";
		};
		0C987D9925985C05006BC2E8 /* LaunchScreen.storyboard */ = {
			isa = PBXVariantGroup;
			children = (
				0C987D9A25985C05006BC2E8 /* Base */,
			);
			name = LaunchScreen.storyboard;
			sourceTree = "<group>";
		};
/* End PBXVariantGroup section */

/* Begin XCBuildConfiguration section */
		0C987DB325985C05006BC2E8 /* Debug */ = {
			isa = XCBuildConfiguration;
			buildSettings = {
				ALWAYS_SEARCH_USER_PATHS = NO;
				CLANG_ANALYZER_NONNULL = YES;
				CLANG_ANALYZER_NUMBER_OBJECT_CONVERSION = YES_AGGRESSIVE;
				CLANG_CXX_LANGUAGE_STANDARD = "gnu++14";
				CLANG_CXX_LIBRARY = "libc++";
				CLANG_ENABLE_MODULES = YES;
				CLANG_ENABLE_OBJC_ARC = YES;
				CLANG_ENABLE_OBJC_WEAK = YES;
				CLANG_WARN_BLOCK_CAPTURE_AUTORELEASING = YES;
				CLANG_WARN_BOOL_CONVERSION = YES;
				CLANG_WARN_COMMA = YES;
				CLANG_WARN_CONSTANT_CONVERSION = YES;
				CLANG_WARN_DEPRECATED_OBJC_IMPLEMENTATIONS = YES;
				CLANG_WARN_DIRECT_OBJC_ISA_USAGE = YES_ERROR;
				CLANG_WARN_DOCUMENTATION_COMMENTS = YES;
				CLANG_WARN_EMPTY_BODY = YES;
				CLANG_WARN_ENUM_CONVERSION = YES;
				CLANG_WARN_INFINITE_RECURSION = YES;
				CLANG_WARN_INT_CONVERSION = YES;
				CLANG_WARN_NON_LITERAL_NULL_CONVERSION = YES;
				CLANG_WARN_OBJC_IMPLICIT_RETAIN_SELF = YES;
				CLANG_WARN_OBJC_LITERAL_CONVERSION = YES;
				CLANG_WARN_OBJC_ROOT_CLASS = YES_ERROR;
				CLANG_WARN_QUOTED_INCLUDE_IN_FRAMEWORK_HEADER = YES;
				CLANG_WARN_RANGE_LOOP_ANALYSIS = YES;
				CLANG_WARN_STRICT_PROTOTYPES = YES;
				CLANG_WARN_SUSPICIOUS_MOVE = YES;
				CLANG_WARN_UNGUARDED_AVAILABILITY = YES_AGGRESSIVE;
				CLANG_WARN_UNREACHABLE_CODE = YES;
				CLANG_WARN__DUPLICATE_METHOD_MATCH = YES;
				COPY_PHASE_STRIP = NO;
				DEBUG_INFORMATION_FORMAT = dwarf;
				ENABLE_STRICT_OBJC_MSGSEND = YES;
				ENABLE_TESTABILITY = YES;
				GCC_C_LANGUAGE_STANDARD = gnu11;
				GCC_DYNAMIC_NO_PIC = NO;
				GCC_NO_COMMON_BLOCKS = YES;
				GCC_OPTIMIZATION_LEVEL = 0;
				GCC_PREPROCESSOR_DEFINITIONS = (
					"DEBUG=1",
					"$(inherited)",
				);
				GCC_WARN_64_TO_32_BIT_CONVERSION = YES;
				GCC_WARN_ABOUT_RETURN_TYPE = YES_ERROR;
				GCC_WARN_UNDECLARED_SELECTOR = YES;
				GCC_WARN_UNINITIALIZED_AUTOS = YES_AGGRESSIVE;
				GCC_WARN_UNUSED_FUNCTION = YES;
				GCC_WARN_UNUSED_VARIABLE = YES;
				IPHONEOS_DEPLOYMENT_TARGET = 14.3;
				MTL_ENABLE_DEBUG_INFO = INCLUDE_SOURCE;
				MTL_FAST_MATH = YES;
				ONLY_ACTIVE_ARCH = YES;
				SDKROOT = iphoneos;
				SWIFT_ACTIVE_COMPILATION_CONDITIONS = DEBUG;
				SWIFT_OPTIMIZATION_LEVEL = "-Onone";
			};
			name = Debug;
		};
		0C987DB425985C05006BC2E8 /* Release */ = {
			isa = XCBuildConfiguration;
			buildSettings = {
				ALWAYS_SEARCH_USER_PATHS = NO;
				CLANG_ANALYZER_NONNULL = YES;
				CLANG_ANALYZER_NUMBER_OBJECT_CONVERSION = YES_AGGRESSIVE;
				CLANG_CXX_LANGUAGE_STANDARD = "gnu++14";
				CLANG_CXX_LIBRARY = "libc++";
				CLANG_ENABLE_MODULES = YES;
				CLANG_ENABLE_OBJC_ARC = YES;
				CLANG_ENABLE_OBJC_WEAK = YES;
				CLANG_WARN_BLOCK_CAPTURE_AUTORELEASING = YES;
				CLANG_WARN_BOOL_CONVERSION = YES;
				CLANG_WARN_COMMA = YES;
				CLANG_WARN_CONSTANT_CONVERSION = YES;
				CLANG_WARN_DEPRECATED_OBJC_IMPLEMENTATIONS = YES;
				CLANG_WARN_DIRECT_OBJC_ISA_USAGE = YES_ERROR;
				CLANG_WARN_DOCUMENTATION_COMMENTS = YES;
				CLANG_WARN_EMPTY_BODY = YES;
				CLANG_WARN_ENUM_CONVERSION = YES;
				CLANG_WARN_INFINITE_RECURSION = YES;
				CLANG_WARN_INT_CONVERSION = YES;
				CLANG_WARN_NON_LITERAL_NULL_CONVERSION = YES;
				CLANG_WARN_OBJC_IMPLICIT_RETAIN_SELF = YES;
				CLANG_WARN_OBJC_LITERAL_CONVERSION = YES;
				CLANG_WARN_OBJC_ROOT_CLASS = YES_ERROR;
				CLANG_WARN_QUOTED_INCLUDE_IN_FRAMEWORK_HEADER = YES;
				CLANG_WARN_RANGE_LOOP_ANALYSIS = YES;
				CLANG_WARN_STRICT_PROTOTYPES = YES;
				CLANG_WARN_SUSPICIOUS_MOVE = YES;
				CLANG_WARN_UNGUARDED_AVAILABILITY = YES_AGGRESSIVE;
				CLANG_WARN_UNREACHABLE_CODE = YES;
				CLANG_WARN__DUPLICATE_METHOD_MATCH = YES;
				COPY_PHASE_STRIP = NO;
				DEBUG_INFORMATION_FORMAT = "dwarf-with-dsym";
				ENABLE_NS_ASSERTIONS = NO;
				ENABLE_STRICT_OBJC_MSGSEND = YES;
				GCC_C_LANGUAGE_STANDARD = gnu11;
				GCC_NO_COMMON_BLOCKS = YES;
				GCC_WARN_64_TO_32_BIT_CONVERSION = YES;
				GCC_WARN_ABOUT_RETURN_TYPE = YES_ERROR;
				GCC_WARN_UNDECLARED_SELECTOR = YES;
				GCC_WARN_UNINITIALIZED_AUTOS = YES_AGGRESSIVE;
				GCC_WARN_UNUSED_FUNCTION = YES;
				GCC_WARN_UNUSED_VARIABLE = YES;
				IPHONEOS_DEPLOYMENT_TARGET = 14.3;
				MTL_ENABLE_DEBUG_INFO = NO;
				MTL_FAST_MATH = YES;
				SDKROOT = iphoneos;
				SWIFT_COMPILATION_MODE = wholemodule;
				SWIFT_OPTIMIZATION_LEVEL = "-O";
				VALIDATE_PRODUCT = YES;
			};
			name = Release;
		};
		0C987DB625985C05006BC2E8 /* Debug */ = {
			isa = XCBuildConfiguration;
			buildSettings = {
				ASSETCATALOG_COMPILER_APPICON_NAME = AppIcon;
				ASSETCATALOG_COMPILER_GLOBAL_ACCENT_COLOR_NAME = AccentColor;
				CODE_SIGN_STYLE = Automatic;
				DEVELOPMENT_TEAM = 32E5G3376Q;
				INFOPLIST_FILE = HotCoffee/Info.plist;
				LD_RUNPATH_SEARCH_PATHS = (
					"$(inherited)",
					"@executable_path/Frameworks",
				);
				PRODUCT_BUNDLE_IDENTIFIER = com.sample.HotCoffee;
				PRODUCT_NAME = "$(TARGET_NAME)";
				SWIFT_VERSION = 5.0;
				TARGETED_DEVICE_FAMILY = "1,2";
			};
			name = Debug;
		};
		0C987DB725985C05006BC2E8 /* Release */ = {
			isa = XCBuildConfiguration;
			buildSettings = {
				ASSETCATALOG_COMPILER_APPICON_NAME = AppIcon;
				ASSETCATALOG_COMPILER_GLOBAL_ACCENT_COLOR_NAME = AccentColor;
				CODE_SIGN_STYLE = Automatic;
				DEVELOPMENT_TEAM = 32E5G3376Q;
				INFOPLIST_FILE = HotCoffee/Info.plist;
				LD_RUNPATH_SEARCH_PATHS = (
					"$(inherited)",
					"@executable_path/Frameworks",
				);
				PRODUCT_BUNDLE_IDENTIFIER = com.sample.HotCoffee;
				PRODUCT_NAME = "$(TARGET_NAME)";
				SWIFT_VERSION = 5.0;
				TARGETED_DEVICE_FAMILY = "1,2";
			};
			name = Release;
		};
		0C987DB925985C05006BC2E8 /* Debug */ = {
			isa = XCBuildConfiguration;
			buildSettings = {
				ALWAYS_EMBED_SWIFT_STANDARD_LIBRARIES = YES;
				BUNDLE_LOADER = "$(TEST_HOST)";
				CODE_SIGN_STYLE = Automatic;
				DEVELOPMENT_TEAM = 32E5G3376Q;
				INFOPLIST_FILE = HotCoffeeTests/Info.plist;
				IPHONEOS_DEPLOYMENT_TARGET = 14.3;
				LD_RUNPATH_SEARCH_PATHS = (
					"$(inherited)",
					"@executable_path/Frameworks",
					"@loader_path/Frameworks",
				);
				PRODUCT_BUNDLE_IDENTIFIER = com.sample.HotCoffeeTests;
				PRODUCT_NAME = "$(TARGET_NAME)";
				SWIFT_VERSION = 5.0;
				TARGETED_DEVICE_FAMILY = "1,2";
				TEST_HOST = "$(BUILT_PRODUCTS_DIR)/HotCoffee.app/HotCoffee";
			};
			name = Debug;
		};
		0C987DBA25985C05006BC2E8 /* Release */ = {
			isa = XCBuildConfiguration;
			buildSettings = {
				ALWAYS_EMBED_SWIFT_STANDARD_LIBRARIES = YES;
				BUNDLE_LOADER = "$(TEST_HOST)";
				CODE_SIGN_STYLE = Automatic;
				DEVELOPMENT_TEAM = 32E5G3376Q;
				INFOPLIST_FILE = HotCoffeeTests/Info.plist;
				IPHONEOS_DEPLOYMENT_TARGET = 14.3;
				LD_RUNPATH_SEARCH_PATHS = (
					"$(inherited)",
					"@executable_path/Frameworks",
					"@loader_path/Frameworks",
				);
				PRODUCT_BUNDLE_IDENTIFIER = com.sample.HotCoffeeTests;
				PRODUCT_NAME = "$(TARGET_NAME)";
				SWIFT_VERSION = 5.0;
				TARGETED_DEVICE_FAMILY = "1,2";
				TEST_HOST = "$(BUILT_PRODUCTS_DIR)/HotCoffee.app/HotCoffee";
			};
			name = Release;
		};
		0C987DBC25985C05006BC2E8 /* Debug */ = {
			isa = XCBuildConfiguration;
			buildSettings = {
				ALWAYS_EMBED_SWIFT_STANDARD_LIBRARIES = YES;
				CODE_SIGN_STYLE = Automatic;
				DEVELOPMENT_TEAM = 32E5G3376Q;
				INFOPLIST_FILE = HotCoffeeUITests/Info.plist;
				LD_RUNPATH_SEARCH_PATHS = (
					"$(inherited)",
					"@executable_path/Frameworks",
					"@loader_path/Frameworks",
				);
				PRODUCT_BUNDLE_IDENTIFIER = com.sample.HotCoffeeUITests;
				PRODUCT_NAME = "$(TARGET_NAME)";
				SWIFT_VERSION = 5.0;
				TARGETED_DEVICE_FAMILY = "1,2";
				TEST_TARGET_NAME = HotCoffee;
			};
			name = Debug;
		};
		0C987DBD25985C05006BC2E8 /* Release */ = {
			isa = XCBuildConfiguration;
			buildSettings = {
				ALWAYS_EMBED_SWIFT_STANDARD_LIBRARIES = YES;
				CODE_SIGN_STYLE = Automatic;
				DEVELOPMENT_TEAM = 32E5G3376Q;
				INFOPLIST_FILE = HotCoffeeUITests/Info.plist;
				LD_RUNPATH_SEARCH_PATHS = (
					"$(inherited)",
					"@executable_path/Frameworks",
					"@loader_path/Frameworks",
				);
				PRODUCT_BUNDLE_IDENTIFIER = com.sample.HotCoffeeUITests;
				PRODUCT_NAME = "$(TARGET_NAME)";
				SWIFT_VERSION = 5.0;
				TARGETED_DEVICE_FAMILY = "1,2";
				TEST_TARGET_NAME = HotCoffee;
			};
			name = Release;
		};
/* End XCBuildConfiguration section */

/* Begin XCConfigurationList section */
		0C987D8625985C01006BC2E8 /* Build configuration list for PBXProject "HotCoffee" */ = {
			isa = XCConfigurationList;
			buildConfigurations = (
				0C987DB325985C05006BC2E8 /* Debug */,
				0C987DB425985C05006BC2E8 /* Release */,
			);
			defaultConfigurationIsVisible = 0;
			defaultConfigurationName = Release;
		};
		0C987DB525985C05006BC2E8 /* Build configuration list for PBXNativeTarget "HotCoffee" */ = {
			isa = XCConfigurationList;
			buildConfigurations = (
				0C987DB625985C05006BC2E8 /* Debug */,
				0C987DB725985C05006BC2E8 /* Release */,
			);
			defaultConfigurationIsVisible = 0;
			defaultConfigurationName = Release;
		};
		0C987DB825985C05006BC2E8 /* Build configuration list for PBXNativeTarget "HotCoffeeTests" */ = {
			isa = XCConfigurationList;
			buildConfigurations = (
				0C987DB925985C05006BC2E8 /* Debug */,
				0C987DBA25985C05006BC2E8 /* Release */,
			);
			defaultConfigurationIsVisible = 0;
			defaultConfigurationName = Release;
		};
		0C987DBB25985C05006BC2E8 /* Build configuration list for PBXNativeTarget "HotCoffeeUITests" */ = {
			isa = XCConfigurationList;
			buildConfigurations = (
				0C987DBC25985C05006BC2E8 /* Debug */,
				0C987DBD25985C05006BC2E8 /* Release */,
			);
			defaultConfigurationIsVisible = 0;
			defaultConfigurationName = Release;
		};
/* End XCConfigurationList section */
	};
	rootObject = 0C987D8325985C01006BC2E8 /* Project object */;
}
